schema: '2.0'
stages:
  data_collection:
    cmd: python src/data/data_collection.py
    deps:
    - path: src/data/data_collection.py
      hash: md5
      md5: f1856d5e3fc82bf6edb4c19ddfa5ab5c
      size: 3631
    outs:
    - path: data/raw
      hash: md5
      md5: c0c2d65c14a603e91e029fda3c344a5c.dir
      size: 522262
      nfiles: 2
  data_transformation:
    cmd: python src/data/data_transformation.py
    deps:
    - path: data/raw
      hash: md5
      md5: c0c2d65c14a603e91e029fda3c344a5c.dir
      size: 522262
      nfiles: 2
    - path: src/data/data_transformation.py
      hash: md5
      md5: a43e53953909ea0560d8f09dd6d94c2f
      size: 1846
    outs:
    - path: data/processed
      hash: md5
      md5: 09d7d1468d5c1e6739769af7e3154438.dir
      size: 546137
      nfiles: 2
