schema: '2.0'
stages:
  data_collection:
    cmd: python src/data/data_collection.py
    deps:
    - path: src/data/data_collection.py
      hash: md5
      md5: f1856d5e3fc82bf6edb4c19ddfa5ab5c
      size: 3631
    params:
      params.yaml:
        data_collection.test_size: 0.2
    outs:
    - path: data/raw
      hash: md5
      md5: c0c2d65c14a603e91e029fda3c344a5c.dir
      size: 522262
      nfiles: 2
  data_transformation:
    cmd: python src/data/data_transformation.py
    deps:
    - path: data/raw
      hash: md5
      md5: c0c2d65c14a603e91e029fda3c344a5c.dir
      size: 522262
      nfiles: 2
    - path: src/data/data_transformation.py
      hash: md5
      md5: a43e53953909ea0560d8f09dd6d94c2f
      size: 1846
    outs:
    - path: data/processed
      hash: md5
      md5: 09d7d1468d5c1e6739769af7e3154438.dir
      size: 546137
      nfiles: 2
  model_building:
    cmd: python src/model/model_building.py
    deps:
    - path: data/processed
      hash: md5
      md5: 09d7d1468d5c1e6739769af7e3154438.dir
      size: 546137
      nfiles: 2
    - path: src/model/model_building.py
      hash: md5
      md5: f98baaec78fd02d78df18b5a15050f2e
      size: 2399
    params:
      params.yaml:
        model_building.n_estimators: 100
    outs:
    - path: models/model.pkl
      hash: md5
      md5: f52f9f59f68da3e3e626a74fd3da3701
      size: 7371507
  model_evaluation:
    cmd: python src/model/model_evaluation.py
    deps:
    - path: models/model.pkl
      hash: md5
      md5: f52f9f59f68da3e3e626a74fd3da3701
      size: 7371507
    - path: src/model/model_evaluation.py
      hash: md5
      md5: d39f86bdc0117f02b02f6c112571ec49
      size: 2482
    outs:
    - path: reports/metrics.json
      hash: md5
      md5: 8739f0b99d04c8c0801109565972c58e
      size: 151
