schema: '2.0'
stages:
  data_collection:
    cmd: python src/data/data_collection.py
    deps:
    - path: src/data/data_collection.py
      hash: md5
      md5: f1856d5e3fc82bf6edb4c19ddfa5ab5c
      size: 3631
    params:
      params.yaml:
        data_collection.test_size: 0.2
    outs:
    - path: data/raw
      hash: md5
      md5: c0c2d65c14a603e91e029fda3c344a5c.dir
      size: 522262
      nfiles: 2
  data_transformation:
    cmd: python src/data/data_transformation.py
    deps:
    - path: data/raw
      hash: md5
      md5: c0c2d65c14a603e91e029fda3c344a5c.dir
      size: 522262
      nfiles: 2
    - path: src/data/data_transformation.py
      hash: md5
      md5: b631c5ec60d380ee763e3cca6a49312a
      size: 1834
    outs:
    - path: data/processed
      hash: md5
      md5: e34c84b2d0f2a75442271cd6c5779b7c.dir
      size: 546895
      nfiles: 2
  model_building:
    cmd: python src/model/model_building.py
    deps:
    - path: data/processed
      hash: md5
      md5: e34c84b2d0f2a75442271cd6c5779b7c.dir
      size: 546895
      nfiles: 2
    - path: src/model/model_building.py
      hash: md5
      md5: 95055a1d9800128fce5d67a863be67a5
      size: 2408
    params:
      params.yaml:
        model_building.n_estimators: 1000
    outs:
    - path: models/model.pkl
      hash: md5
      md5: be5a6a6f6e69f966bfffcb036e4fca7c
      size: 73656068
  model_evaluation:
    cmd: python src/model/model_evaluation.py
    deps:
    - path: models/model.pkl
      hash: md5
      md5: be5a6a6f6e69f966bfffcb036e4fca7c
      size: 73656068
    - path: src/model/model_evaluation.py
      hash: md5
      md5: 4a2f62c2211ebfe823766c99ec218fb4
      size: 5080
    outs:
    - path: reports/metrics.json
      hash: md5
      md5: f7dc564d6302ab0128850d429f97a61a
      size: 150
    - path: reports/run_info.json
      hash: md5
      md5: 42aeecddffd022a1f1fc525835c0b3b8
      size: 87
  model_registration:
    cmd: python src/model/model_reg.py
    deps:
    - path: reports/run_info.json
      hash: md5
      md5: 42aeecddffd022a1f1fc525835c0b3b8
      size: 87
    - path: src/model/model_reg.py
      hash: md5
      md5: 45fbd746bcbb14648ec0f34f7bd8dee0
      size: 1604
